
Microsoft Visual Studio Solution File, Format Version 12.00
# Visual Studio Version 17
VisualStudioVersion = 17.6.33815.320
MinimumVisualStudioVersion = 10.0.40219.1
Project("{FAE04EC0-301F-11D3-BF4B-00C04F79EFBC}") = "Method Practice", "Method Practice.csproj", "{11355271-A735-41B9-981C-445A815F3C1A}"
EndProject
Global
	GlobalSection(SolutionConfigurationPlatforms) = preSolution
		Debug|Any CPU = Debug|Any CPU
		Release|Any CPU = Release|Any CPU
	EndGlobalSection
	GlobalSection(ProjectConfigurationPlatforms) = postSolution
		{11355271-A735-41B9-981C-445A815F3C1A}.Debug|Any CPU.ActiveCfg = Debug|Any CPU
		{11355271-A735-41B9-981C-445A815F3C1A}.Debug|Any CPU.Build.0 = Debug|Any CPU
		{11355271-A735-41B9-981C-445A815F3C1A}.Release|Any CPU.ActiveCfg = Release|Any CPU
		{11355271-A735-41B9-981C-445A815F3C1A}.Release|Any CPU.Build.0 = Release|Any CPU
	EndGlobalSection
	GlobalSection(SolutionProperties) = preSolution
		HideSolutionNode = FALSE
	EndGlobalSection
	GlobalSection(ExtensibilityGlobals) = postSolution
		SolutionGuid = {2F16F236-1B66-4B5E-9FA3-406D9A53CEDF}
	EndGlobalSection
EndGlobal
